Microsoft Visual Studio Solution File, Format Version 12.00
# Visual Studio Version 17
VisualStudioVersion = 17.0.31903.59
MinimumVisualStudioVersion = 10.0.40219.1
Project("{FAE04EC0-301F-11D3-BF4B-00C04F79EFBC}") = "App.Desktop", "src\App.Desktop\App.Desktop.csproj", "{D94CF618-2484-4FB9-96D6-6A7B97C50565}"
EndProject
Project("{FAE04EC0-301F-11D3-BF4B-00C04F79EFBC}") = "App.Bootstrapper", "src\App.Bootstrapper\App.Bootstrapper.csproj", "{A8AB4E27-9A52-4A45-A0F4-8D49A10C89A0}"
EndProject
Project("{FAE04EC0-301F-11D3-BF4B-00C04F79EFBC}") = "Core.Domain", "src\Core.Domain\Core.Domain.csproj", "{4C42A33D-A4A3-4D4E-B4B1-E76CD32C2740}"
EndProject
Project("{FAE04EC0-301F-11D3-BF4B-00C04F79EFBC}") = "Core.Application", "src\Core.Application\Core.Application.csproj", "{3A0AF674-6D1E-41FE-B88D-86A5D966E457}"
EndProject
Project("{FAE04EC0-301F-11D3-BF4B-00C04F79EFBC}") = "Core.Infrastructure", "src\Core.Infrastructure\Core.Infrastructure.csproj", "{53D53B4C-A592-49F5-822E-1F4D6A0CC8F0}"
EndProject
Project("{FAE04EC0-301F-11D3-BF4B-00C04F79EFBC}") = "Unit", "tests\Unit\Unit.csproj", "{A26D69A1-104E-4BA4-8B98-AE809E862C6B}"
EndProject
Project("{FAE04EC0-301F-11D3-BF4B-00C04F79EFBC}") = "Integration", "tests\Integration\Integration.csproj", "{6D7E53A1-F240-4D95-B8D1-57F56C8BD682}"
EndProject
Global
	GlobalSection(SolutionConfigurationPlatforms) = preSolution
		Debug|Any CPU = Debug|Any CPU
		Release|Any CPU = Release|Any CPU
	EndGlobalSection
	GlobalSection(ProjectConfigurationPlatforms) = postSolution
		{D94CF618-2484-4FB9-96D6-6A7B97C50565}.Debug|Any CPU.ActiveCfg = Debug|Any CPU
		{D94CF618-2484-4FB9-96D6-6A7B97C50565}.Debug|Any CPU.Build.0 = Debug|Any CPU
		{D94CF618-2484-4FB9-96D6-6A7B97C50565}.Release|Any CPU.ActiveCfg = Release|Any CPU
		{D94CF618-2484-4FB9-96D6-6A7B97C50565}.Release|Any CPU.Build.0 = Release|Any CPU
		{A8AB4E27-9A52-4A45-A0F4-8D49A10C89A0}.Debug|Any CPU.ActiveCfg = Debug|Any CPU
		{A8AB4E27-9A52-4A45-A0F4-8D49A10C89A0}.Debug|Any CPU.Build.0 = Debug|Any CPU
		{A8AB4E27-9A52-4A45-A0F4-8D49A10C89A0}.Release|Any CPU.ActiveCfg = Release|Any CPU
		{A8AB4E27-9A52-4A45-A0F4-8D49A10C89A0}.Release|Any CPU.Build.0 = Release|Any CPU
		{4C42A33D-A4A3-4D4E-B4B1-E76CD32C2740}.Debug|Any CPU.ActiveCfg = Debug|Any CPU
		{4C42A33D-A4A3-4D4E-B4B1-E76CD32C2740}.Debug|Any CPU.Build.0 = Debug|Any CPU
		{4C42A33D-A4A3-4D4E-B4B1-E76CD32C2740}.Release|Any CPU.ActiveCfg = Release|Any CPU
		{4C42A33D-A4A3-4D4E-B4B1-E76CD32C2740}.Release|Any CPU.Build.0 = Release|Any CPU
		{3A0AF674-6D1E-41FE-B88D-86A5D966E457}.Debug|Any CPU.ActiveCfg = Debug|Any CPU
		{3A0AF674-6D1E-41FE-B88D-86A5D966E457}.Debug|Any CPU.Build.0 = Debug|Any CPU
		{3A0AF674-6D1E-41FE-B88D-86A5D966E457}.Release|Any CPU.ActiveCfg = Release|Any CPU
		{3A0AF674-6D1E-41FE-B88D-86A5D966E457}.Release|Any CPU.Build.0 = Release|Any CPU
		{53D53B4C-A592-49F5-822E-1F4D6A0CC8F0}.Debug|Any CPU.ActiveCfg = Debug|Any CPU
		{53D53B4C-A592-49F5-822E-1F4D6A0CC8F0}.Debug|Any CPU.Build.0 = Debug|Any CPU
		{53D53B4C-A592-49F5-822E-1F4D6A0CC8F0}.Release|Any CPU.ActiveCfg = Release|Any CPU
		{53D53B4C-A592-49F5-822E-1F4D6A0CC8F0}.Release|Any CPU.Build.0 = Release|Any CPU
		{A26D69A1-104E-4BA4-8B98-AE809E862C6B}.Debug|Any CPU.ActiveCfg = Debug|Any CPU
		{A26D69A1-104E-4BA4-8B98-AE809E862C6B}.Debug|Any CPU.Build.0 = Debug|Any CPU
		{A26D69A1-104E-4BA4-8B98-AE809E862C6B}.Release|Any CPU.ActiveCfg = Release|Any CPU
		{A26D69A1-104E-4BA4-8B98-AE809E862C6B}.Release|Any CPU.Build.0 = Release|Any CPU
		{6D7E53A1-F240-4D95-B8D1-57F56C8BD682}.Debug|Any CPU.ActiveCfg = Debug|Any CPU
		{6D7E53A1-F240-4D95-B8D1-57F56C8BD682}.Debug|Any CPU.Build.0 = Debug|Any CPU
		{6D7E53A1-F240-4D95-B8D1-57F56C8BD682}.Release|Any CPU.ActiveCfg = Release|Any CPU
		{6D7E53A1-F240-4D95-B8D1-57F56C8BD682}.Release|Any CPU.Build.0 = Release|Any CPU
	EndGlobalSection
	GlobalSection(SolutionProperties) = preSolution
		HideSolutionNode = FALSE
	EndGlobalSection
EndGlobal
